
Microsoft Visual Studio Solution File, Format Version 12.00
# Visual Studio Version 16
VisualStudioVersion = 16.0.31515.178
MinimumVisualStudioVersion = 10.0.40219.1
Project("{2150E333-8FDC-42A3-9474-1A3956D46DE8}") = "Src", "Src", "{96C8CFA7-F2FB-421D-9F5C-EDDEC1E90C0C}"
EndProject
Project("{2150E333-8FDC-42A3-9474-1A3956D46DE8}") = "Building Blocks", "Building Blocks", "{BB21275A-2E94-4F21-9770-CF529061D0FA}"
EndProject
Project("{2150E333-8FDC-42A3-9474-1A3956D46DE8}") = "Services", "Services", "{3190F7B0-4F46-4746-AF83-8E066314C4CC}"
EndProject
Project("{2150E333-8FDC-42A3-9474-1A3956D46DE8}") = "Web", "Web", "{E42F5218-2E53-4886-ADFA-55CC08FB57E7}"
EndProject
Project("{2150E333-8FDC-42A3-9474-1A3956D46DE8}") = "Indentidade", "Indentidade", "{33B3F3FB-FF25-4033-AA24-AD4F6CC6306F}"
EndProject
Project("{9A19103F-16F7-4668-BE54-9A1E7A4F7556}") = "TCC.indentidade.API", "src\Services\TCC.indentidade.API\TCC.indentidade.API.csproj", "{27E5476A-445A-444B-A0B4-715D252DA485}"
EndProject
Project("{2150E333-8FDC-42A3-9474-1A3956D46DE8}") = "MVC", "MVC", "{0A2A6927-B440-4D85-89EB-6F6BD1E52E8D}"
EndProject
Project("{9A19103F-16F7-4668-BE54-9A1E7A4F7556}") = "TCC.WebApp.MVC", "src\Web\TCC.WebApp.MVC\TCC.WebApp.MVC.csproj", "{43023BC7-FD87-447D-8937-4CD6E18675EA}"
EndProject
Project("{2150E333-8FDC-42A3-9474-1A3956D46DE8}") = "Core", "Core", "{A0F004E4-6E04-45DC-8B98-B2B838304F57}"
EndProject
Project("{9A19103F-16F7-4668-BE54-9A1E7A4F7556}") = "TCC.core", "src\Building Blocks\TCC.core\TCC.core.csproj", "{9620E269-926E-4F5A-8A5E-231014FC9932}"
EndProject
Project("{2150E333-8FDC-42A3-9474-1A3956D46DE8}") = "Carinho", "Carinho", "{4633F85F-9955-48DD-AF21-23F150C379FF}"
EndProject
Project("{2150E333-8FDC-42A3-9474-1A3956D46DE8}") = "Catalogo", "Catalogo", "{3A64A7EC-5863-43F6-8A55-411B5CD62AD4}"
EndProject
Project("{2150E333-8FDC-42A3-9474-1A3956D46DE8}") = "Cliente", "Cliente", "{89FE2487-2BA1-42D8-B209-739AB963167A}"
EndProject
Project("{2150E333-8FDC-42A3-9474-1A3956D46DE8}") = "Pagamento", "Pagamento", "{7405693C-F295-4C28-91FD-4597A642B42D}"
EndProject
Project("{2150E333-8FDC-42A3-9474-1A3956D46DE8}") = "Pedido", "Pedido", "{A90E9608-D065-4E61-AE71-BB32657B412F}"
EndProject
Project("{9A19103F-16F7-4668-BE54-9A1E7A4F7556}") = "TCC.Carrinho.API", "src\Services\TCC.Carrinho.API\TCC.Carrinho.API.csproj", "{D054F736-843C-4082-9C89-11FBF169F277}"
EndProject
Project("{9A19103F-16F7-4668-BE54-9A1E7A4F7556}") = "TCC.Catalogo.API", "src\Services\TCC.Catalogo.API\TCC.Catalogo.API.csproj", "{B74BF643-7452-4444-A14D-AA7F1B190B26}"
EndProject
Project("{9A19103F-16F7-4668-BE54-9A1E7A4F7556}") = "TCC.Cliente.API", "src\Services\TCC.Cliente.API\TCC.Cliente.API.csproj", "{2A7899E2-F499-424B-9242-14B9CAB7D0B0}"
EndProject
Project("{9A19103F-16F7-4668-BE54-9A1E7A4F7556}") = "TCC.Pagamento.API", "TCC.Pagamento.API\TCC.Pagamento.API.csproj", "{90C45740-1762-4956-B60E-9DB7289B9AD7}"
EndProject
Project("{9A19103F-16F7-4668-BE54-9A1E7A4F7556}") = "TCC.Pedido.API", "TCC.Pedido.API\TCC.Pedido.API.csproj", "{41090E42-CC88-4B39-9702-67CBD02D4E34}"
EndProject
Global
	GlobalSection(SolutionConfigurationPlatforms) = preSolution
		Debug|Any CPU = Debug|Any CPU
		Release|Any CPU = Release|Any CPU
	EndGlobalSection
	GlobalSection(ProjectConfigurationPlatforms) = postSolution
		{27E5476A-445A-444B-A0B4-715D252DA485}.Debug|Any CPU.ActiveCfg = Debug|Any CPU
		{27E5476A-445A-444B-A0B4-715D252DA485}.Debug|Any CPU.Build.0 = Debug|Any CPU
		{27E5476A-445A-444B-A0B4-715D252DA485}.Release|Any CPU.ActiveCfg = Release|Any CPU
		{27E5476A-445A-444B-A0B4-715D252DA485}.Release|Any CPU.Build.0 = Release|Any CPU
		{43023BC7-FD87-447D-8937-4CD6E18675EA}.Debug|Any CPU.ActiveCfg = Debug|Any CPU
		{43023BC7-FD87-447D-8937-4CD6E18675EA}.Debug|Any CPU.Build.0 = Debug|Any CPU
		{43023BC7-FD87-447D-8937-4CD6E18675EA}.Release|Any CPU.ActiveCfg = Release|Any CPU
		{43023BC7-FD87-447D-8937-4CD6E18675EA}.Release|Any CPU.Build.0 = Release|Any CPU
		{9620E269-926E-4F5A-8A5E-231014FC9932}.Debug|Any CPU.ActiveCfg = Debug|Any CPU
		{9620E269-926E-4F5A-8A5E-231014FC9932}.Debug|Any CPU.Build.0 = Debug|Any CPU
		{9620E269-926E-4F5A-8A5E-231014FC9932}.Release|Any CPU.ActiveCfg = Release|Any CPU
		{9620E269-926E-4F5A-8A5E-231014FC9932}.Release|Any CPU.Build.0 = Release|Any CPU
		{D054F736-843C-4082-9C89-11FBF169F277}.Debug|Any CPU.ActiveCfg = Debug|Any CPU
		{D054F736-843C-4082-9C89-11FBF169F277}.Debug|Any CPU.Build.0 = Debug|Any CPU
		{D054F736-843C-4082-9C89-11FBF169F277}.Release|Any CPU.ActiveCfg = Release|Any CPU
		{D054F736-843C-4082-9C89-11FBF169F277}.Release|Any CPU.Build.0 = Release|Any CPU
		{B74BF643-7452-4444-A14D-AA7F1B190B26}.Debug|Any CPU.ActiveCfg = Debug|Any CPU
		{B74BF643-7452-4444-A14D-AA7F1B190B26}.Debug|Any CPU.Build.0 = Debug|Any CPU
		{B74BF643-7452-4444-A14D-AA7F1B190B26}.Release|Any CPU.ActiveCfg = Release|Any CPU
		{B74BF643-7452-4444-A14D-AA7F1B190B26}.Release|Any CPU.Build.0 = Release|Any CPU
		{2A7899E2-F499-424B-9242-14B9CAB7D0B0}.Debug|Any CPU.ActiveCfg = Debug|Any CPU
		{2A7899E2-F499-424B-9242-14B9CAB7D0B0}.Debug|Any CPU.Build.0 = Debug|Any CPU
		{2A7899E2-F499-424B-9242-14B9CAB7D0B0}.Release|Any CPU.ActiveCfg = Release|Any CPU
		{2A7899E2-F499-424B-9242-14B9CAB7D0B0}.Release|Any CPU.Build.0 = Release|Any CPU
		{90C45740-1762-4956-B60E-9DB7289B9AD7}.Debug|Any CPU.ActiveCfg = Debug|Any CPU
		{90C45740-1762-4956-B60E-9DB7289B9AD7}.Debug|Any CPU.Build.0 = Debug|Any CPU
		{90C45740-1762-4956-B60E-9DB7289B9AD7}.Release|Any CPU.ActiveCfg = Release|Any CPU
		{90C45740-1762-4956-B60E-9DB7289B9AD7}.Release|Any CPU.Build.0 = Release|Any CPU
		{41090E42-CC88-4B39-9702-67CBD02D4E34}.Debug|Any CPU.ActiveCfg = Debug|Any CPU
		{41090E42-CC88-4B39-9702-67CBD02D4E34}.Debug|Any CPU.Build.0 = Debug|Any CPU
		{41090E42-CC88-4B39-9702-67CBD02D4E34}.Release|Any CPU.ActiveCfg = Release|Any CPU
		{41090E42-CC88-4B39-9702-67CBD02D4E34}.Release|Any CPU.Build.0 = Release|Any CPU
	EndGlobalSection
	GlobalSection(SolutionProperties) = preSolution
		HideSolutionNode = FALSE
	EndGlobalSection
	GlobalSection(NestedProjects) = preSolution
		{BB21275A-2E94-4F21-9770-CF529061D0FA} = {96C8CFA7-F2FB-421D-9F5C-EDDEC1E90C0C}
		{3190F7B0-4F46-4746-AF83-8E066314C4CC} = {96C8CFA7-F2FB-421D-9F5C-EDDEC1E90C0C}
		{E42F5218-2E53-4886-ADFA-55CC08FB57E7} = {96C8CFA7-F2FB-421D-9F5C-EDDEC1E90C0C}
		{33B3F3FB-FF25-4033-AA24-AD4F6CC6306F} = {3190F7B0-4F46-4746-AF83-8E066314C4CC}
		{27E5476A-445A-444B-A0B4-715D252DA485} = {33B3F3FB-FF25-4033-AA24-AD4F6CC6306F}
		{0A2A6927-B440-4D85-89EB-6F6BD1E52E8D} = {E42F5218-2E53-4886-ADFA-55CC08FB57E7}
		{43023BC7-FD87-447D-8937-4CD6E18675EA} = {0A2A6927-B440-4D85-89EB-6F6BD1E52E8D}
		{A0F004E4-6E04-45DC-8B98-B2B838304F57} = {BB21275A-2E94-4F21-9770-CF529061D0FA}
		{9620E269-926E-4F5A-8A5E-231014FC9932} = {A0F004E4-6E04-45DC-8B98-B2B838304F57}
		{4633F85F-9955-48DD-AF21-23F150C379FF} = {3190F7B0-4F46-4746-AF83-8E066314C4CC}
		{3A64A7EC-5863-43F6-8A55-411B5CD62AD4} = {3190F7B0-4F46-4746-AF83-8E066314C4CC}
		{89FE2487-2BA1-42D8-B209-739AB963167A} = {3190F7B0-4F46-4746-AF83-8E066314C4CC}
		{7405693C-F295-4C28-91FD-4597A642B42D} = {3190F7B0-4F46-4746-AF83-8E066314C4CC}
		{A90E9608-D065-4E61-AE71-BB32657B412F} = {3190F7B0-4F46-4746-AF83-8E066314C4CC}
		{D054F736-843C-4082-9C89-11FBF169F277} = {4633F85F-9955-48DD-AF21-23F150C379FF}
		{B74BF643-7452-4444-A14D-AA7F1B190B26} = {3A64A7EC-5863-43F6-8A55-411B5CD62AD4}
		{2A7899E2-F499-424B-9242-14B9CAB7D0B0} = {89FE2487-2BA1-42D8-B209-739AB963167A}
		{90C45740-1762-4956-B60E-9DB7289B9AD7} = {7405693C-F295-4C28-91FD-4597A642B42D}
		{41090E42-CC88-4B39-9702-67CBD02D4E34} = {A90E9608-D065-4E61-AE71-BB32657B412F}
	EndGlobalSection
	GlobalSection(ExtensibilityGlobals) = postSolution
		SolutionGuid = {403895FD-B9FD-4605-BBA7-EE5F60A3B21B}
	EndGlobalSection
EndGlobal
